<Solution>
  <Project Path="ApiGateway/ApiGateway.csproj" />
  <Project Path="Auth.Service/Auth.Service.csproj" />
  <Project Path="Inventory.Service/Inventory.Service.csproj" />
  <Project Path="Report.Service/Report.Service.csproj" />
  <Project Path="Supplier.Service/Supplier.Service.csproj" />
</Solution>
